
Microsoft Visual Studio Solution File, Format Version 12.00
# Visual Studio 2013
VisualStudioVersion = 12.0.21005.1
MinimumVisualStudioVersion = 10.0.40219.1
Project("{FAE04EC0-301F-11D3-BF4B-00C04F79EFBC}") = "EFDDDSample.Domain", "EFDDDSample.Domain\EFDDDSample.Domain.csproj", "{43DA7F60-BAF8-4CBB-8F35-6F3114D729D1}"
EndProject
Project("{FAE04EC0-301F-11D3-BF4B-00C04F79EFBC}") = "EFDDDSample.Data", "EFDDDSample.Data\EFDDDSample.Data.csproj", "{1B63BC76-AD9B-4B59-9D0E-72F97C92D30C}"
EndProject
Project("{FAE04EC0-301F-11D3-BF4B-00C04F79EFBC}") = "EFDDDSample.Console", "EFDDDSample.Console\EFDDDSample.Console.csproj", "{333B91C6-AB99-425A-B51D-3B686CC8D912}"
EndProject
Global
	GlobalSection(SolutionConfigurationPlatforms) = preSolution
		Debug|Any CPU = Debug|Any CPU
		Release|Any CPU = Release|Any CPU
	EndGlobalSection
	GlobalSection(ProjectConfigurationPlatforms) = postSolution
		{43DA7F60-BAF8-4CBB-8F35-6F3114D729D1}.Debug|Any CPU.ActiveCfg = Debug|Any CPU
		{43DA7F60-BAF8-4CBB-8F35-6F3114D729D1}.Debug|Any CPU.Build.0 = Debug|Any CPU
		{43DA7F60-BAF8-4CBB-8F35-6F3114D729D1}.Release|Any CPU.ActiveCfg = Release|Any CPU
		{43DA7F60-BAF8-4CBB-8F35-6F3114D729D1}.Release|Any CPU.Build.0 = Release|Any CPU
		{1B63BC76-AD9B-4B59-9D0E-72F97C92D30C}.Debug|Any CPU.ActiveCfg = Debug|Any CPU
		{1B63BC76-AD9B-4B59-9D0E-72F97C92D30C}.Debug|Any CPU.Build.0 = Debug|Any CPU
		{1B63BC76-AD9B-4B59-9D0E-72F97C92D30C}.Release|Any CPU.ActiveCfg = Release|Any CPU
		{1B63BC76-AD9B-4B59-9D0E-72F97C92D30C}.Release|Any CPU.Build.0 = Release|Any CPU
		{333B91C6-AB99-425A-B51D-3B686CC8D912}.Debug|Any CPU.ActiveCfg = Debug|Any CPU
		{333B91C6-AB99-425A-B51D-3B686CC8D912}.Debug|Any CPU.Build.0 = Debug|Any CPU
		{333B91C6-AB99-425A-B51D-3B686CC8D912}.Release|Any CPU.ActiveCfg = Release|Any CPU
		{333B91C6-AB99-425A-B51D-3B686CC8D912}.Release|Any CPU.Build.0 = Release|Any CPU
	EndGlobalSection
	GlobalSection(SolutionProperties) = preSolution
		HideSolutionNode = FALSE
	EndGlobalSection
EndGlobal
